
Microsoft Visual Studio Solution File, Format Version 12.00
# Visual Studio 15
VisualStudioVersion = 15.0.26730.16
MinimumVisualStudioVersion = 10.0.40219.1
Project("{FAE04EC0-301F-11D3-BF4B-00C04F79EFBC}") = "dual simplex", "dual simplex\dual simplex.csproj", "{54DDE143-233B-45E1-B9A9-067B2E72BD13}"
EndProject
Global
	GlobalSection(SolutionConfigurationPlatforms) = preSolution
		Debug|Any CPU = Debug|Any CPU
		Release|Any CPU = Release|Any CPU
	EndGlobalSection
	GlobalSection(ProjectConfigurationPlatforms) = postSolution
		{54DDE143-233B-45E1-B9A9-067B2E72BD13}.Debug|Any CPU.ActiveCfg = Debug|Any CPU
		{54DDE143-233B-45E1-B9A9-067B2E72BD13}.Debug|Any CPU.Build.0 = Debug|Any CPU
		{54DDE143-233B-45E1-B9A9-067B2E72BD13}.Release|Any CPU.ActiveCfg = Release|Any CPU
		{54DDE143-233B-45E1-B9A9-067B2E72BD13}.Release|Any CPU.Build.0 = Release|Any CPU
	EndGlobalSection
	GlobalSection(SolutionProperties) = preSolution
		HideSolutionNode = FALSE
	EndGlobalSection
	GlobalSection(ExtensibilityGlobals) = postSolution
		SolutionGuid = {CBB1F968-3735-49AE-8220-0F0DC7262517}
	EndGlobalSection
EndGlobal
